// !$*UTF8*$!
{
	archiveVersion = 1;
	classes = {
	};
	objectVersion = 46;
	objects = {

/* Begin PBXBuildFile section */
		AC16DD811E1FC24500A29998 /* main.m in Sources */ = {isa = PBXBuildFile; fileRef = AC16DD801E1FC24500A29998 /* main.m */; };
		AC16DD8A1E1FC24500A29998 /* Main.storyboard in Resources */ = {isa = PBXBuildFile; fileRef = AC16DD881E1FC24500A29998 /* Main.storyboard */; };
		AC16DD8C1E1FC24500A29998 /* Assets.xcassets in Resources */ = {isa = PBXBuildFile; fileRef = AC16DD8B1E1FC24500A29998 /* Assets.xcassets */; };
		AC16DD8F1E1FC24500A29998 /* LaunchScreen.storyboard in Resources */ = {isa = PBXBuildFile; fileRef = AC16DD8D1E1FC24500A29998 /* LaunchScreen.storyboard */; };
		AC16DD981E1FC2F200A29998 /* FVAppDelegate.m in Sources */ = {isa = PBXBuildFile; fileRef = AC16DD971E1FC2F200A29998 /* FVAppDelegate.m */; };
/* End PBXBuildFile section */

/* Begin PBXFileReference section */
		AC16DD7C1E1FC24500A29998 /* FVDynamicHeightBarDemo.app */ = {isa = PBXFileReference; explicitFileType = wrapper.application; includeInIndex = 0; path = FVDynamicHeightBarDemo.app; sourceTree = BUILT_PRODUCTS_DIR; };
		AC16DD801E1FC24500A29998 /* main.m */ = {isa = PBXFileReference; lastKnownFileType = sourcecode.c.objc; path = main.m; sourceTree = "<group>"; };
		AC16DD891E1FC24500A29998 /* Base */ = {isa = PBXFileReference; lastKnownFileType = file.storyboard; name = Base; path = Base.lproj/Main.storyboard; sourceTree = "<group>"; };
		AC16DD8B1E1FC24500A29998 /* Assets.xcassets */ = {isa = PBXFileReference; lastKnownFileType = folder.assetcatalog; path = Assets.xcassets; sourceTree = "<group>"; };
		AC16DD8E1E1FC24500A29998 /* Base */ = {isa = PBXFileReference; lastKnownFileType = file.storyboard; name = Base; path = Base.lproj/LaunchScreen.storyboard; sourceTree = "<group>"; };
		AC16DD901E1FC24500A29998 /* Info.plist */ = {isa = PBXFileReference; lastKnownFileType = text.plist.xml; path = Info.plist; sourceTree = "<group>"; };
		AC16DD961E1FC2F200A29998 /* FVAppDelegate.h */ = {isa = PBXFileReference; fileEncoding = 4; lastKnownFileType = sourcecode.c.h; path = FVAppDelegate.h; sourceTree = "<group>"; };
		AC16DD971E1FC2F200A29998 /* FVAppDelegate.m */ = {isa = PBXFileReference; fileEncoding = 4; lastKnownFileType = sourcecode.c.objc; path = FVAppDelegate.m; sourceTree = "<group>"; };
/* End PBXFileReference section */

/* Begin PBXFrameworksBuildPhase section */
		AC16DD791E1FC24500A29998 /* Frameworks */ = {
			isa = PBXFrameworksBuildPhase;
			buildActionMask = 2147483647;
			files = (
			);
			runOnlyForDeploymentPostprocessing = 0;
		};
/* End PBXFrameworksBuildPhase section */

/* Begin PBXGroup section */
		AC16DD731E1FC24500A29998 = {
			isa = PBXGroup;
			children = (
				AC16DD7E1E1FC24500A29998 /* FVDynamicHeightBarDemo */,
				AC16DD7D1E1FC24500A29998 /* Products */,
			);
			sourceTree = "<group>";
		};
		AC16DD7D1E1FC24500A29998 /* Products */ = {
			isa = PBXGroup;
			children = (
				AC16DD7C1E1FC24500A29998 /* FVDynamicHeightBarDemo.app */,
			);
			name = Products;
			sourceTree = "<group>";
		};
		AC16DD7E1E1FC24500A29998 /* FVDynamicHeightBarDemo */ = {
			isa = PBXGroup;
			children = (
				AC16DD991E1FC36A00A29998 /* FVDynamicHeightBar */,
				AC16DD7F1E1FC24500A29998 /* Supporting Files */,
			);
			path = FVDynamicHeightBarDemo;
			sourceTree = "<group>";
		};
		AC16DD7F1E1FC24500A29998 /* Supporting Files */ = {
			isa = PBXGroup;
			children = (
				AC16DD881E1FC24500A29998 /* Main.storyboard */,
				AC16DD8B1E1FC24500A29998 /* Assets.xcassets */,
				AC16DD8D1E1FC24500A29998 /* LaunchScreen.storyboard */,
				AC16DD901E1FC24500A29998 /* Info.plist */,
				AC16DD961E1FC2F200A29998 /* FVAppDelegate.h */,
				AC16DD971E1FC2F200A29998 /* FVAppDelegate.m */,
				AC16DD801E1FC24500A29998 /* main.m */,
			);
			name = "Supporting Files";
			sourceTree = "<group>";
		};
		AC16DD991E1FC36A00A29998 /* FVDynamicHeightBar */ = {
			isa = PBXGroup;
			children = (
			);
			path = FVDynamicHeightBar;
			sourceTree = "<group>";
		};
/* End PBXGroup section */

/* Begin PBXNativeTarget section */
		AC16DD7B1E1FC24500A29998 /* FVDynamicHeightBarDemo */ = {
			isa = PBXNativeTarget;
			buildConfigurationList = AC16DD931E1FC24500A29998 /* Build configuration list for PBXNativeTarget "FVDynamicHeightBarDemo" */;
			buildPhases = (
				AC16DD781E1FC24500A29998 /* Sources */,
				AC16DD791E1FC24500A29998 /* Frameworks */,
				AC16DD7A1E1FC24500A29998 /* Resources */,
			);
			buildRules = (
			);
			dependencies = (
			);
			name = FVDynamicHeightBarDemo;
			productName = FVDynamicHeightBarDemo;
			productReference = AC16DD7C1E1FC24500A29998 /* FVDynamicHeightBarDemo.app */;
			productType = "com.apple.product-type.application";
		};
/* End PBXNativeTarget section */

/* Begin PBXProject section */
		AC16DD741E1FC24500A29998 /* Project object */ = {
			isa = PBXProject;
			attributes = {
				LastUpgradeCheck = 0810;
				ORGANIZATIONNAME = iforvert;
				TargetAttributes = {
					AC16DD7B1E1FC24500A29998 = {
						CreatedOnToolsVersion = 8.1;
						DevelopmentTeam = XPMXP6URKM;
						ProvisioningStyle = Automatic;
					};
				};
			};
			buildConfigurationList = AC16DD771E1FC24500A29998 /* Build configuration list for PBXProject "FVDynamicHeightBarDemo" */;
			compatibilityVersion = "Xcode 3.2";
			developmentRegion = English;
			hasScannedForEncodings = 0;
			knownRegions = (
				en,
				Base,
			);
			mainGroup = AC16DD731E1FC24500A29998;
			productRefGroup = AC16DD7D1E1FC24500A29998 /* Products */;
			projectDirPath = "";
			projectRoot = "";
			targets = (
				AC16DD7B1E1FC24500A29998 /* FVDynamicHeightBarDemo */,
			);
		};
/* End PBXProject section */

/* Begin PBXResourcesBuildPhase section */
		AC16DD7A1E1FC24500A29998 /* Resources */ = {
			isa = PBXResourcesBuildPhase;
			buildActionMask = 2147483647;
			files = (
				AC16DD8F1E1FC24500A29998 /* LaunchScreen.storyboard in Resources */,
				AC16DD8C1E1FC24500A29998 /* Assets.xcassets in Resources */,
				AC16DD8A1E1FC24500A29998 /* Main.storyboard in Resources */,
			);
			runOnlyForDeploymentPostprocessing = 0;
		};
/* End PBXResourcesBuildPhase section */

/* Begin PBXSourcesBuildPhase section */
		AC16DD781E1FC24500A29998 /* Sources */ = {
			isa = PBXSourcesBuildPhase;
			buildActionMask = 2147483647;
			files = (
				AC16DD981E1FC2F200A29998 /* FVAppDelegate.m in Sources */,
				AC16DD811E1FC24500A29998 /* main.m in Sources */,
			);
			runOnlyForDeploymentPostprocessing = 0;
		};
/* End PBXSourcesBuildPhase section */

/* Begin PBXVariantGroup section */
		AC16DD881E1FC24500A29998 /* Main.storyboard */ = {
			isa = PBXVariantGroup;
			children = (
				AC16DD891E1FC24500A29998 /* Base */,
			);
			name = Main.storyboard;
			sourceTree = "<group>";
		};
		AC16DD8D1E1FC24500A29998 /* LaunchScreen.storyboard */ = {
			isa = PBXVariantGroup;
			children = (
				AC16DD8E1E1FC24500A29998 /* Base */,
			);
			name = LaunchScreen.storyboard;
			sourceTree = "<group>";
		};
/* End PBXVariantGroup section */

/* Begin XCBuildConfiguration section */
		AC16DD911E1FC24500A29998 /* Debug */ = {
			isa = XCBuildConfiguration;
			buildSettings = {
				ALWAYS_SEARCH_USER_PATHS = NO;
				CLANG_ANALYZER_NONNULL = YES;
				CLANG_CXX_LANGUAGE_STANDARD = "gnu++0x";
				CLANG_CXX_LIBRARY = "libc++";
				CLANG_ENABLE_MODULES = YES;
				CLANG_ENABLE_OBJC_ARC = YES;
				CLANG_WARN_BOOL_CONVERSION = YES;
				CLANG_WARN_CONSTANT_CONVERSION = YES;
				CLANG_WARN_DIRECT_OBJC_ISA_USAGE = YES_ERROR;
				CLANG_WARN_DOCUMENTATION_COMMENTS = YES;
				CLANG_WARN_EMPTY_BODY = YES;
				CLANG_WARN_ENUM_CONVERSION = YES;
				CLANG_WARN_INFINITE_RECURSION = YES;
				CLANG_WARN_INT_CONVERSION = YES;
				CLANG_WARN_OBJC_ROOT_CLASS = YES_ERROR;
				CLANG_WARN_SUSPICIOUS_MOVES = YES;
				CLANG_WARN_UNREACHABLE_CODE = YES;
				CLANG_WARN__DUPLICATE_METHOD_MATCH = YES;
				"CODE_SIGN_IDENTITY[sdk=iphoneos*]" = "iPhone Developer";
				COPY_PHASE_STRIP = NO;
				DEBUG_INFORMATION_FORMAT = dwarf;
				ENABLE_STRICT_OBJC_MSGSEND = YES;
				ENABLE_TESTABILITY = YES;
				GCC_C_LANGUAGE_STANDARD = gnu99;
				GCC_DYNAMIC_NO_PIC = NO;
				GCC_NO_COMMON_BLOCKS = YES;
				GCC_OPTIMIZATION_LEVEL = 0;
				GCC_PREPROCESSOR_DEFINITIONS = (
					"DEBUG=1",
					"$(inherited)",
				);
				GCC_WARN_64_TO_32_BIT_CONVERSION = YES;
				GCC_WARN_ABOUT_RETURN_TYPE = YES_ERROR;
				GCC_WARN_UNDECLARED_SELECTOR = YES;
				GCC_WARN_UNINITIALIZED_AUTOS = YES_AGGRESSIVE;
				GCC_WARN_UNUSED_FUNCTION = YES;
				GCC_WARN_UNUSED_VARIABLE = YES;
				IPHONEOS_DEPLOYMENT_TARGET = 10.1;
				MTL_ENABLE_DEBUG_INFO = YES;
				ONLY_ACTIVE_ARCH = YES;
				SDKROOT = iphoneos;
				TARGETED_DEVICE_FAMILY = "1,2";
			};
			name = Debug;
		};
		AC16DD921E1FC24500A29998 /* Release */ = {
			isa = XCBuildConfiguration;
			buildSettings = {
				ALWAYS_SEARCH_USER_PATHS = NO;
				CLANG_ANALYZER_NONNULL = YES;
				CLANG_CXX_LANGUAGE_STANDARD = "gnu++0x";
				CLANG_CXX_LIBRARY = "libc++";
				CLANG_ENABLE_MODULES = YES;
				CLANG_ENABLE_OBJC_ARC = YES;
				CLANG_WARN_BOOL_CONVERSION = YES;
				CLANG_WARN_CONSTANT_CONVERSION = YES;
				CLANG_WARN_DIRECT_OBJC_ISA_USAGE = YES_ERROR;
				CLANG_WARN_DOCUMENTATION_COMMENTS = YES;
				CLANG_WARN_EMPTY_BODY = YES;
				CLANG_WARN_ENUM_CONVERSION = YES;
				CLANG_WARN_INFINITE_RECURSION = YES;
				CLANG_WARN_INT_CONVERSION = YES;
				CLANG_WARN_OBJC_ROOT_CLASS = YES_ERROR;
				CLANG_WARN_SUSPICIOUS_MOVES = YES;
				CLANG_WARN_UNREACHABLE_CODE = YES;
				CLANG_WARN__DUPLICATE_METHOD_MATCH = YES;
				"CODE_SIGN_IDENTITY[sdk=iphoneos*]" = "iPhone Developer";
				COPY_PHASE_STRIP = NO;
				DEBUG_INFORMATION_FORMAT = "dwarf-with-dsym";
				ENABLE_NS_ASSERTIONS = NO;
				ENABLE_STRICT_OBJC_MSGSEND = YES;
				GCC_C_LANGUAGE_STANDARD = gnu99;
				GCC_NO_COMMON_BLOCKS = YES;
				GCC_WARN_64_TO_32_BIT_CONVERSION = YES;
				GCC_WARN_ABOUT_RETURN_TYPE = YES_ERROR;
				GCC_WARN_UNDECLARED_SELECTOR = YES;
				GCC_WARN_UNINITIALIZED_AUTOS = YES_AGGRESSIVE;
				GCC_WARN_UNUSED_FUNCTION = YES;
				GCC_WARN_UNUSED_VARIABLE = YES;
				IPHONEOS_DEPLOYMENT_TARGET = 10.1;
				MTL_ENABLE_DEBUG_INFO = NO;
				SDKROOT = iphoneos;
				TARGETED_DEVICE_FAMILY = "1,2";
				VALIDATE_PRODUCT = YES;
			};
			name = Release;
		};
		AC16DD941E1FC24500A29998 /* Debug */ = {
			isa = XCBuildConfiguration;
			buildSettings = {
				ASSETCATALOG_COMPILER_APPICON_NAME = AppIcon;
				ASSETCATALOG_COMPILER_LAUNCHIMAGE_NAME = LaunchImage;
				DEVELOPMENT_TEAM = XPMXP6URKM;
				INFOPLIST_FILE = FVDynamicHeightBarDemo/Info.plist;
				IPHONEOS_DEPLOYMENT_TARGET = 7.0;
				LD_RUNPATH_SEARCH_PATHS = "$(inherited) @executable_path/Frameworks";
				PRODUCT_BUNDLE_IDENTIFIER = com.iforvert.FVDynamicHeightBarDemo;
				PRODUCT_NAME = "$(TARGET_NAME)";
				TARGETED_DEVICE_FAMILY = 1;
			};
			name = Debug;
		};
		AC16DD951E1FC24500A29998 /* Release */ = {
			isa = XCBuildConfiguration;
			buildSettings = {
				ASSETCATALOG_COMPILER_APPICON_NAME = AppIcon;
				ASSETCATALOG_COMPILER_LAUNCHIMAGE_NAME = LaunchImage;
				DEVELOPMENT_TEAM = XPMXP6URKM;
				INFOPLIST_FILE = FVDynamicHeightBarDemo/Info.plist;
				IPHONEOS_DEPLOYMENT_TARGET = 7.0;
				LD_RUNPATH_SEARCH_PATHS = "$(inherited) @executable_path/Frameworks";
				PRODUCT_BUNDLE_IDENTIFIER = com.iforvert.FVDynamicHeightBarDemo;
				PRODUCT_NAME = "$(TARGET_NAME)";
				TARGETED_DEVICE_FAMILY = 1;
			};
			name = Release;
		};
/* End XCBuildConfiguration section */

/* Begin XCConfigurationList section */
		AC16DD771E1FC24500A29998 /* Build configuration list for PBXProject "FVDynamicHeightBarDemo" */ = {
			isa = XCConfigurationList;
			buildConfigurations = (
				AC16DD911E1FC24500A29998 /* Debug */,
				AC16DD921E1FC24500A29998 /* Release */,
			);
			defaultConfigurationIsVisible = 0;
			defaultConfigurationName = Release;
		};
		AC16DD931E1FC24500A29998 /* Build configuration list for PBXNativeTarget "FVDynamicHeightBarDemo" */ = {
			isa = XCConfigurationList;
			buildConfigurations = (
				AC16DD941E1FC24500A29998 /* Debug */,
				AC16DD951E1FC24500A29998 /* Release */,
			);
			defaultConfigurationIsVisible = 0;
			defaultConfigurationName = Release;
		};
/* End XCConfigurationList section */
	};
	rootObject = AC16DD741E1FC24500A29998 /* Project object */;
}
